<?xml version="1.0" encoding="utf-8"?>
<Project ToolsVersion="4.0" xmlns="http://schemas.microsoft.com/developer/msbuild/2003">
  <ItemGroup>
    <ClCompile Include="dllmain.c" />
    <ClCompile Include="main.cpp" />
    <ClCompile Include="Control.cpp" />
    <ClCompile Include="..\..\..\..\..\..\Users\2troy\.conan\data\OBSEPluginDevPackage\0.1\Troy1010\channel\package\265db0df056ee777e467d81c01e1c3f405931683\include\obse\obse\Hooks_DirectInput8Create.cpp">
      <Filter>obse</Filter>
    </ClCompile>
  </ItemGroup>
  <ItemGroup>
    <ClInclude Include="Control.h" />
    <ClInclude Include="..\..\..\..\..\..\Users\2troy\.conan\data\OBSEPluginDevPackage\0.1\Troy1010\channel\package\265db0df056ee777e467d81c01e1c3f405931683\include\obse\obse\Hooks_DirectInput8Create.h">
      <Filter>obse</Filter>
    </ClInclude>
  </ItemGroup>
  <ItemGroup>
    <None Include="exports.def" />
  </ItemGroup>
  <ItemGroup>
    <Filter Include="obse">
      <UniqueIdentifier>{213b18d9-04c6-4074-9c62-d73c36f2a854}</UniqueIdentifier>
    </Filter>
  </ItemGroup>
</Project>